{
  "name": "eyerate-frontend",
  "version": "0.0.4-dev",
  "lockfileVersion": 3,
  "requires": true,
  "packages": {
    "": {
      "name": "eyerate-frontend",
      "version": "0.0.4-dev",
      "devDependencies": {
        "@manomatika/matika-frontend": "0.0.4-dev.2",
        "husky": "^9.1.7",
        "typescript": "^5.5.0"
      }
    },
    "node_modules/@manomatika/matika-frontend": {
      "version": "0.0.4-dev.2",
      "resolved": "https://npm.pkg.github.com/download/@manomatika/matika-frontend/0.0.4-dev.2/0e65ecc142697d652c269880d790176037da0548",
      "integrity": "sha512-IPqiOG2PBpaEQ/+GopN9Zw2X2UqiypV0dduhOiYl5jynKI0Aawk4kB2qIfn2mmBBeke0E6syJeZdlEjSEbJEmA==",
      "dev": true,
      "license": "UNLICENSED"
    },
    "node_modules/husky": {
      "version": "9.1.7",
      "resolved": "https://registry.npmjs.org/husky/-/husky-9.1.7.tgz",
      "integrity": "sha512-5gs5ytaNjBrh5Ow3zrvdUUY+0VxIuWVL4i9irt6friV+BqdCfmV11CQTWMiBYWHbXhco+J1kHfTOUkePhCDvMA==",
      "dev": true,
      "license": "MIT",
      "bin": {
        "husky": "bin.js"
      },
      "engines": {
        "node": ">=18"
      },
      "funding": {
        "url": "https://github.com/sponsors/typicode"
      }
    },
    "node_modules/typescript": {
      "version": "5.9.3",
      "resolved": "https://registry.npmjs.org/typescript/-/typescript-5.9.3.tgz",
      "integrity": "sha512-jl1vZzPDinLr9eUt3J/t7V6FgNEw9QjvBPdysz9KfQDD41fQrC2Y4vKQdiaUpFT4bXlb1RHhLpp8wtm6M5TgSw==",
      "dev": true,
      "license": "Apache-2.0",
      "bin": {
        "tsc": "bin/tsc",
        "tsserver": "bin/tsserver"
      },
      "engines": {
        "node": ">=14.17"
      }
    }
  }
}
